
Microsoft Visual Studio Solution File, Format Version 12.00
# Visual Studio Version 17
VisualStudioVersion = 17.13.35828.75 d17.13
MinimumVisualStudioVersion = 10.0.40219.1
Project("{FAE04EC0-301F-11D3-BF4B-00C04F79EFBC}") = "Task1", "Task1\Task1.csproj", "{4FB8D0FC-34A4-46CC-9C12-335990095103}"
EndProject
Global
	GlobalSection(SolutionConfigurationPlatforms) = preSolution
		Debug|Any CPU = Debug|Any CPU
		Release|Any CPU = Release|Any CPU
	EndGlobalSection
	GlobalSection(ProjectConfigurationPlatforms) = postSolution
		{4FB8D0FC-34A4-46CC-9C12-335990095103}.Debug|Any CPU.ActiveCfg = Debug|Any CPU
		{4FB8D0FC-34A4-46CC-9C12-335990095103}.Debug|Any CPU.Build.0 = Debug|Any CPU
		{4FB8D0FC-34A4-46CC-9C12-335990095103}.Release|Any CPU.ActiveCfg = Release|Any CPU
		{4FB8D0FC-34A4-46CC-9C12-335990095103}.Release|Any CPU.Build.0 = Release|Any CPU
	EndGlobalSection
	GlobalSection(SolutionProperties) = preSolution
		HideSolutionNode = FALSE
	EndGlobalSection
	GlobalSection(ExtensibilityGlobals) = postSolution
		SolutionGuid = {C42E5233-CA92-4A5C-BB57-AE5F38FBBAC9}
	EndGlobalSection
EndGlobal
